
Microsoft Visual Studio Solution File, Format Version 12.00
# Visual Studio Version 16
VisualStudioVersion = 16.0.32510.428
MinimumVisualStudioVersion = 10.0.40219.1
Project("{8BC9CEB8-8B4A-11D0-8D11-00A0C91BC942}") = "VTMonitor", "VTMonitor\VTMonitor.vcxproj", "{F5972022-1ABE-4847-A97E-28FDCA6E02E6}"
EndProject
Project("{8BC9CEB8-8B4A-11D0-8D11-00A0C91BC942}") = "VTMonitorClient", "VTMonitorClient\VTMonitorClient.vcxproj", "{CF7CBA89-34A3-417B-9C94-DFBAC9587279}"
EndProject
Global
	GlobalSection(SolutionConfigurationPlatforms) = preSolution
		Debug|x64 = Debug|x64
		Release|x64 = Release|x64
	EndGlobalSection
	GlobalSection(ProjectConfigurationPlatforms) = postSolution
		{F5972022-1ABE-4847-A97E-28FDCA6E02E6}.Debug|x64.ActiveCfg = Debug|x64
		{F5972022-1ABE-4847-A97E-28FDCA6E02E6}.Debug|x64.Build.0 = Debug|x64
		{F5972022-1ABE-4847-A97E-28FDCA6E02E6}.Debug|x64.Deploy.0 = Debug|x64
		{F5972022-1ABE-4847-A97E-28FDCA6E02E6}.Release|x64.ActiveCfg = Release|x64
		{F5972022-1ABE-4847-A97E-28FDCA6E02E6}.Release|x64.Build.0 = Release|x64
		{F5972022-1ABE-4847-A97E-28FDCA6E02E6}.Release|x64.Deploy.0 = Release|x64
		{CF7CBA89-34A3-417B-9C94-DFBAC9587279}.Debug|x64.ActiveCfg = Debug|x64
		{CF7CBA89-34A3-417B-9C94-DFBAC9587279}.Debug|x64.Build.0 = Debug|x64
		{CF7CBA89-34A3-417B-9C94-DFBAC9587279}.Release|x64.ActiveCfg = Release|x64
		{CF7CBA89-34A3-417B-9C94-DFBAC9587279}.Release|x64.Build.0 = Release|x64
	EndGlobalSection
	GlobalSection(SolutionProperties) = preSolution
		HideSolutionNode = FALSE
	EndGlobalSection
	GlobalSection(ExtensibilityGlobals) = postSolution
		SolutionGuid = {5471E1B5-26C8-4658-8C4D-6A0F8FB0007B}
	EndGlobalSection
EndGlobal
